
Microsoft Visual Studio Solution File, Format Version 12.00
# Visual Studio Version 17
VisualStudioVersion = 17.14.36915.13 d17.14
MinimumVisualStudioVersion = 10.0.40219.1
Project("{FAE04EC0-301F-11D3-BF4B-00C04F79EFBC}") = "KumariCinemas", "KumariCinemas.csproj", "{7A814527-95FF-4C39-AFCC-86CE023C6CBD}"
EndProject
Global
	GlobalSection(SolutionConfigurationPlatforms) = preSolution
		Debug|Any CPU = Debug|Any CPU
		Release|Any CPU = Release|Any CPU
	EndGlobalSection
	GlobalSection(ProjectConfigurationPlatforms) = postSolution
		{7A814527-95FF-4C39-AFCC-86CE023C6CBD}.Debug|Any CPU.ActiveCfg = Debug|Any CPU
		{7A814527-95FF-4C39-AFCC-86CE023C6CBD}.Debug|Any CPU.Build.0 = Debug|Any CPU
		{7A814527-95FF-4C39-AFCC-86CE023C6CBD}.Release|Any CPU.ActiveCfg = Release|Any CPU
		{7A814527-95FF-4C39-AFCC-86CE023C6CBD}.Release|Any CPU.Build.0 = Release|Any CPU
	EndGlobalSection
	GlobalSection(SolutionProperties) = preSolution
		HideSolutionNode = FALSE
	EndGlobalSection
	GlobalSection(ExtensibilityGlobals) = postSolution
		SolutionGuid = {26F8781D-D83C-4FE4-875C-601A35232384}
	EndGlobalSection
EndGlobal
